
Microsoft Visual Studio Solution File, Format Version 12.00
# Visual Studio Version 16
VisualStudioVersion = 16.0.30621.155
MinimumVisualStudioVersion = 10.0.40219.1
Project("{FAE04EC0-301F-11D3-BF4B-00C04F79EFBC}") = "BigMammaUML3", "BigMammaUML3.csproj", "{D41249FD-E86F-498B-8325-553E010A27A4}"
EndProject
Global
	GlobalSection(SolutionConfigurationPlatforms) = preSolution
		Debug|Any CPU = Debug|Any CPU
		Release|Any CPU = Release|Any CPU
	EndGlobalSection
	GlobalSection(ProjectConfigurationPlatforms) = postSolution
		{D41249FD-E86F-498B-8325-553E010A27A4}.Debug|Any CPU.ActiveCfg = Debug|Any CPU
		{D41249FD-E86F-498B-8325-553E010A27A4}.Debug|Any CPU.Build.0 = Debug|Any CPU
		{D41249FD-E86F-498B-8325-553E010A27A4}.Release|Any CPU.ActiveCfg = Release|Any CPU
		{D41249FD-E86F-498B-8325-553E010A27A4}.Release|Any CPU.Build.0 = Release|Any CPU
	EndGlobalSection
	GlobalSection(SolutionProperties) = preSolution
		HideSolutionNode = FALSE
	EndGlobalSection
	GlobalSection(ExtensibilityGlobals) = postSolution
		SolutionGuid = {E8FDAAA7-DEE2-48FB-826E-968EFD981757}
	EndGlobalSection
EndGlobal
